
Microsoft Visual Studio Solution File, Format Version 12.00
# Visual Studio Version 16
VisualStudioVersion = 16.0.30621.155
MinimumVisualStudioVersion = 10.0.40219.1
Project("{FAE04EC0-301F-11D3-BF4B-00C04F79EFBC}") = "task1", "task1\task1.csproj", "{B6C7624C-1D42-4582-954C-5F824F9CC012}"
EndProject
Project("{FAE04EC0-301F-11D3-BF4B-00C04F79EFBC}") = "task2", "task2\task2.csproj", "{7C32F0D1-11E8-4B56-928B-B2E6FFE5E9B4}"
EndProject
Project("{FAE04EC0-301F-11D3-BF4B-00C04F79EFBC}") = "task3", "task3\task3.csproj", "{E6436CBF-AC09-4C5C-9FE2-BE0B232E49BE}"
EndProject
Project("{FAE04EC0-301F-11D3-BF4B-00C04F79EFBC}") = "task4", "task4\task4.csproj", "{77C71A31-5550-4529-B350-C54AAA52ECD6}"
EndProject
Project("{FAE04EC0-301F-11D3-BF4B-00C04F79EFBC}") = "task5", "task5\task5.csproj", "{EB3CB2F5-4FC0-4082-8FA8-DACC56F69CB8}"
EndProject
Project("{FAE04EC0-301F-11D3-BF4B-00C04F79EFBC}") = "task6", "task6\task6.csproj", "{B39F9CAE-C26D-412D-B785-D684BC7E263E}"
EndProject
Project("{FAE04EC0-301F-11D3-BF4B-00C04F79EFBC}") = "task7", "task7\task7.csproj", "{5B697279-F08D-4527-BA5D-2D1AC6D66FF3}"
EndProject
Global
	GlobalSection(SolutionConfigurationPlatforms) = preSolution
		Debug|Any CPU = Debug|Any CPU
		Release|Any CPU = Release|Any CPU
	EndGlobalSection
	GlobalSection(ProjectConfigurationPlatforms) = postSolution
		{B6C7624C-1D42-4582-954C-5F824F9CC012}.Debug|Any CPU.ActiveCfg = Debug|Any CPU
		{B6C7624C-1D42-4582-954C-5F824F9CC012}.Debug|Any CPU.Build.0 = Debug|Any CPU
		{B6C7624C-1D42-4582-954C-5F824F9CC012}.Release|Any CPU.ActiveCfg = Release|Any CPU
		{B6C7624C-1D42-4582-954C-5F824F9CC012}.Release|Any CPU.Build.0 = Release|Any CPU
		{7C32F0D1-11E8-4B56-928B-B2E6FFE5E9B4}.Debug|Any CPU.ActiveCfg = Debug|Any CPU
		{7C32F0D1-11E8-4B56-928B-B2E6FFE5E9B4}.Debug|Any CPU.Build.0 = Debug|Any CPU
		{7C32F0D1-11E8-4B56-928B-B2E6FFE5E9B4}.Release|Any CPU.ActiveCfg = Release|Any CPU
		{7C32F0D1-11E8-4B56-928B-B2E6FFE5E9B4}.Release|Any CPU.Build.0 = Release|Any CPU
		{E6436CBF-AC09-4C5C-9FE2-BE0B232E49BE}.Debug|Any CPU.ActiveCfg = Debug|Any CPU
		{E6436CBF-AC09-4C5C-9FE2-BE0B232E49BE}.Debug|Any CPU.Build.0 = Debug|Any CPU
		{E6436CBF-AC09-4C5C-9FE2-BE0B232E49BE}.Release|Any CPU.ActiveCfg = Release|Any CPU
		{E6436CBF-AC09-4C5C-9FE2-BE0B232E49BE}.Release|Any CPU.Build.0 = Release|Any CPU
		{77C71A31-5550-4529-B350-C54AAA52ECD6}.Debug|Any CPU.ActiveCfg = Debug|Any CPU
		{77C71A31-5550-4529-B350-C54AAA52ECD6}.Debug|Any CPU.Build.0 = Debug|Any CPU
		{77C71A31-5550-4529-B350-C54AAA52ECD6}.Release|Any CPU.ActiveCfg = Release|Any CPU
		{77C71A31-5550-4529-B350-C54AAA52ECD6}.Release|Any CPU.Build.0 = Release|Any CPU
		{EB3CB2F5-4FC0-4082-8FA8-DACC56F69CB8}.Debug|Any CPU.ActiveCfg = Debug|Any CPU
		{EB3CB2F5-4FC0-4082-8FA8-DACC56F69CB8}.Debug|Any CPU.Build.0 = Debug|Any CPU
		{EB3CB2F5-4FC0-4082-8FA8-DACC56F69CB8}.Release|Any CPU.ActiveCfg = Release|Any CPU
		{EB3CB2F5-4FC0-4082-8FA8-DACC56F69CB8}.Release|Any CPU.Build.0 = Release|Any CPU
		{B39F9CAE-C26D-412D-B785-D684BC7E263E}.Debug|Any CPU.ActiveCfg = Debug|Any CPU
		{B39F9CAE-C26D-412D-B785-D684BC7E263E}.Debug|Any CPU.Build.0 = Debug|Any CPU
		{B39F9CAE-C26D-412D-B785-D684BC7E263E}.Release|Any CPU.ActiveCfg = Release|Any CPU
		{B39F9CAE-C26D-412D-B785-D684BC7E263E}.Release|Any CPU.Build.0 = Release|Any CPU
		{5B697279-F08D-4527-BA5D-2D1AC6D66FF3}.Debug|Any CPU.ActiveCfg = Debug|Any CPU
		{5B697279-F08D-4527-BA5D-2D1AC6D66FF3}.Debug|Any CPU.Build.0 = Debug|Any CPU
		{5B697279-F08D-4527-BA5D-2D1AC6D66FF3}.Release|Any CPU.ActiveCfg = Release|Any CPU
		{5B697279-F08D-4527-BA5D-2D1AC6D66FF3}.Release|Any CPU.Build.0 = Release|Any CPU
	EndGlobalSection
	GlobalSection(SolutionProperties) = preSolution
		HideSolutionNode = FALSE
	EndGlobalSection
	GlobalSection(ExtensibilityGlobals) = postSolution
		SolutionGuid = {3BBE4931-3364-4896-9740-C1398DD483F7}
	EndGlobalSection
EndGlobal
