
Microsoft Visual Studio Solution File, Format Version 12.00
# Visual Studio Version 16
VisualStudioVersion = 16.0.30717.126
MinimumVisualStudioVersion = 10.0.40219.1
Project("{FAE04EC0-301F-11D3-BF4B-00C04F79EFBC}") = "task1", "lesson1\task1.csproj", "{D4B8307A-1717-4211-BA38-7B0E32008C9D}"
EndProject
Project("{FAE04EC0-301F-11D3-BF4B-00C04F79EFBC}") = "task2", "task2\task2.csproj", "{D88D5E52-A60B-4CE8-B4D8-B17C5FCE5959}"
EndProject
Project("{FAE04EC0-301F-11D3-BF4B-00C04F79EFBC}") = "task3", "..\task3\task3.csproj", "{604755B9-CC4E-4C3D-B954-9BA52C64F703}"
EndProject
Project("{FAE04EC0-301F-11D3-BF4B-00C04F79EFBC}") = "task4", "..\task4\task4.csproj", "{FFC41A68-BDA0-416D-A909-8FEBFD34B95F}"
EndProject
Project("{FAE04EC0-301F-11D3-BF4B-00C04F79EFBC}") = "task5", "task5\task5.csproj", "{14BC4BCE-080C-401B-888C-5BA864337290}"
EndProject
Global
	GlobalSection(SolutionConfigurationPlatforms) = preSolution
		Debug|Any CPU = Debug|Any CPU
		Release|Any CPU = Release|Any CPU
	EndGlobalSection
	GlobalSection(ProjectConfigurationPlatforms) = postSolution
		{D4B8307A-1717-4211-BA38-7B0E32008C9D}.Debug|Any CPU.ActiveCfg = Debug|Any CPU
		{D4B8307A-1717-4211-BA38-7B0E32008C9D}.Debug|Any CPU.Build.0 = Debug|Any CPU
		{D4B8307A-1717-4211-BA38-7B0E32008C9D}.Release|Any CPU.ActiveCfg = Release|Any CPU
		{D4B8307A-1717-4211-BA38-7B0E32008C9D}.Release|Any CPU.Build.0 = Release|Any CPU
		{D88D5E52-A60B-4CE8-B4D8-B17C5FCE5959}.Debug|Any CPU.ActiveCfg = Debug|Any CPU
		{D88D5E52-A60B-4CE8-B4D8-B17C5FCE5959}.Debug|Any CPU.Build.0 = Debug|Any CPU
		{D88D5E52-A60B-4CE8-B4D8-B17C5FCE5959}.Release|Any CPU.ActiveCfg = Release|Any CPU
		{D88D5E52-A60B-4CE8-B4D8-B17C5FCE5959}.Release|Any CPU.Build.0 = Release|Any CPU
		{604755B9-CC4E-4C3D-B954-9BA52C64F703}.Debug|Any CPU.ActiveCfg = Debug|Any CPU
		{604755B9-CC4E-4C3D-B954-9BA52C64F703}.Debug|Any CPU.Build.0 = Debug|Any CPU
		{604755B9-CC4E-4C3D-B954-9BA52C64F703}.Release|Any CPU.ActiveCfg = Release|Any CPU
		{604755B9-CC4E-4C3D-B954-9BA52C64F703}.Release|Any CPU.Build.0 = Release|Any CPU
		{FFC41A68-BDA0-416D-A909-8FEBFD34B95F}.Debug|Any CPU.ActiveCfg = Debug|Any CPU
		{FFC41A68-BDA0-416D-A909-8FEBFD34B95F}.Debug|Any CPU.Build.0 = Debug|Any CPU
		{FFC41A68-BDA0-416D-A909-8FEBFD34B95F}.Release|Any CPU.ActiveCfg = Release|Any CPU
		{FFC41A68-BDA0-416D-A909-8FEBFD34B95F}.Release|Any CPU.Build.0 = Release|Any CPU
		{14BC4BCE-080C-401B-888C-5BA864337290}.Debug|Any CPU.ActiveCfg = Debug|Any CPU
		{14BC4BCE-080C-401B-888C-5BA864337290}.Debug|Any CPU.Build.0 = Debug|Any CPU
		{14BC4BCE-080C-401B-888C-5BA864337290}.Release|Any CPU.ActiveCfg = Release|Any CPU
		{14BC4BCE-080C-401B-888C-5BA864337290}.Release|Any CPU.Build.0 = Release|Any CPU
	EndGlobalSection
	GlobalSection(SolutionProperties) = preSolution
		HideSolutionNode = FALSE
	EndGlobalSection
	GlobalSection(ExtensibilityGlobals) = postSolution
		SolutionGuid = {3F532711-1DB7-4675-8515-141FF1B0E98A}
	EndGlobalSection
EndGlobal
